{
  "name": "fido2-lib",
  "version": "1.0.0",
  "lockfileVersion": 3,
  "requires": true,
  "type": "module",
  "packages": {
    "": {
      "name": "fido2-lib",
      "version": "1.0.0",
      "license": "ISC",
      "dependencies": {
        "base64url": "^3.0.1",
        "cbor": "^10.0.3",
        "fido2-lib": "^3.5.3",
        "node-fetch": "^3.3.2"
      }
    },
    "node_modules/@cbor-extract/cbor-extract-darwin-arm64": {
      "version": "2.2.0",
      "resolved": "https://registry.npmjs.org/@cbor-extract/cbor-extract-darwin-arm64/-/cbor-extract-darwin-arm64-2.2.0.tgz",
      "integrity": "sha512-P7swiOAdF7aSi0H+tHtHtr6zrpF3aAq/W9FXx5HektRvLTM2O89xCyXF3pk7pLc7QpaY7AoaE8UowVf9QBdh3w==",
      "cpu": [
        "arm64"
      ],
      "optional": true,
      "os": [
        "darwin"
      ]
    },
    "node_modules/@cbor-extract/cbor-extract-darwin-x64": {
      "version": "2.2.0",
      "resolved": "https://registry.npmjs.org/@cbor-extract/cbor-extract-darwin-x64/-/cbor-extract-darwin-x64-2.2.0.tgz",
      "integrity": "sha512-1liF6fgowph0JxBbYnAS7ZlqNYLf000Qnj4KjqPNW4GViKrEql2MgZnAsExhY9LSy8dnvA4C0qHEBgPrll0z0w==",
      "cpu": [
        "x64"
      ],
      "optional": true,
      "os": [
        "darwin"
      ]
    },
    "node_modules/@cbor-extract/cbor-extract-linux-arm": {
      "version": "2.2.0",
      "resolved": "https://registry.npmjs.org/@cbor-extract/cbor-extract-linux-arm/-/cbor-extract-linux-arm-2.2.0.tgz",
      "integrity": "sha512-QeBcBXk964zOytiedMPQNZr7sg0TNavZeuUCD6ON4vEOU/25+pLhNN6EDIKJ9VLTKaZ7K7EaAriyYQ1NQ05s/Q==",
      "cpu": [
        "arm"
      ],
      "optional": true,
      "os": [
        "linux"
      ]
    },
    "node_modules/@cbor-extract/cbor-extract-linux-arm64": {
      "version": "2.2.0",
      "resolved": "https://registry.npmjs.org/@cbor-extract/cbor-extract-linux-arm64/-/cbor-extract-linux-arm64-2.2.0.tgz",
      "integrity": "sha512-rQvhNmDuhjTVXSPFLolmQ47/ydGOFXtbR7+wgkSY0bdOxCFept1hvg59uiLPT2fVDuJFuEy16EImo5tE2x3RsQ==",
      "cpu": [
        "arm64"
      ],
      "optional": true,
      "os": [
        "linux"
      ]
    },
    "node_modules/@cbor-extract/cbor-extract-linux-x64": {
      "version": "2.2.0",
      "resolved": "https://registry.npmjs.org/@cbor-extract/cbor-extract-linux-x64/-/cbor-extract-linux-x64-2.2.0.tgz",
      "integrity": "sha512-cWLAWtT3kNLHSvP4RKDzSTX9o0wvQEEAj4SKvhWuOVZxiDAeQazr9A+PSiRILK1VYMLeDml89ohxCnUNQNQNCw==",
      "cpu": [
        "x64"
      ],
      "optional": true,
      "os": [
        "linux"
      ]
    },
    "node_modules/@cbor-extract/cbor-extract-win32-x64": {
      "version": "2.2.0",
      "resolved": "https://registry.npmjs.org/@cbor-extract/cbor-extract-win32-x64/-/cbor-extract-win32-x64-2.2.0.tgz",
      "integrity": "sha512-l2M+Z8DO2vbvADOBNLbbh9y5ST1RY5sqkWOg/58GkUPBYou/cuNZ68SGQ644f1CvZ8kcOxyZtw06+dxWHIoN/w==",
      "cpu": [
        "x64"
      ],
      "optional": true,
      "os": [
        "win32"
      ]
    },
    "node_modules/@hexagon/base64": {
      "version": "1.1.28",
      "resolved": "https://registry.npmjs.org/@hexagon/base64/-/base64-1.1.28.tgz",
      "integrity": "sha512-lhqDEAvWixy3bZ+UOYbPwUbBkwBq5C1LAJ/xPC8Oi+lL54oyakv/npbA0aU2hgCsx/1NUd4IBvV03+aUBWxerw=="
    },
    "node_modules/@peculiar/asn1-schema": {
      "version": "2.3.15",
      "resolved": "https://registry.npmjs.org/@peculiar/asn1-schema/-/asn1-schema-2.3.15.tgz",
      "integrity": "sha512-QPeD8UA8axQREpgR5UTAfu2mqQmm97oUqahDtNdBcfj3qAnoXzFdQW+aNf/tD2WVXF8Fhmftxoj0eMIT++gX2w==",
      "dependencies": {
        "asn1js": "^3.0.5",
        "pvtsutils": "^1.3.6",
        "tslib": "^2.8.1"
      }
    },
    "node_modules/@peculiar/json-schema": {
      "version": "1.1.12",
      "resolved": "https://registry.npmjs.org/@peculiar/json-schema/-/json-schema-1.1.12.tgz",
      "integrity": "sha512-coUfuoMeIB7B8/NMekxaDzLhaYmp0HZNPEjYRm9goRou8UZIC3z21s0sL9AWoCw4EG876QyO3kYrc61WNF9B/w==",
      "dependencies": {
        "tslib": "^2.0.0"
      },
      "engines": {
        "node": ">=8.0.0"
      }
    },
    "node_modules/@peculiar/webcrypto": {
      "version": "1.4.6",
      "resolved": "https://registry.npmjs.org/@peculiar/webcrypto/-/webcrypto-1.4.6.tgz",
      "integrity": "sha512-YBcMfqNSwn3SujUJvAaySy5tlYbYm6tVt9SKoXu8BaTdKGROiJDgPR3TXpZdAKUfklzm3lRapJEAltiMQtBgZg==",
      "dependencies": {
        "@peculiar/asn1-schema": "^2.3.8",
        "@peculiar/json-schema": "^1.1.12",
        "pvtsutils": "^1.3.5",
        "tslib": "^2.6.2",
        "webcrypto-core": "^1.7.9"
      },
      "engines": {
        "node": ">=10.12.0"
      }
    },
    "node_modules/asn1js": {
      "version": "3.0.5",
      "resolved": "https://registry.npmjs.org/asn1js/-/asn1js-3.0.5.tgz",
      "integrity": "sha512-FVnvrKJwpt9LP2lAMl8qZswRNm3T4q9CON+bxldk2iwk3FFpuwhx2FfinyitizWHsVYyaY+y5JzDR0rCMV5yTQ==",
      "dependencies": {
        "pvtsutils": "^1.3.2",
        "pvutils": "^1.1.3",
        "tslib": "^2.4.0"
      },
      "engines": {
        "node": ">=12.0.0"
      }
    },
    "node_modules/base64url": {
      "version": "3.0.1",
      "resolved": "https://registry.npmjs.org/base64url/-/base64url-3.0.1.tgz",
      "integrity": "sha512-ir1UPr3dkwexU7FdV8qBBbNDRUhMmIekYMFZfi+C/sLNnRESKPl23nB9b2pltqfOQNnGzsDdId90AEtG5tCx4A==",
      "engines": {
        "node": ">=6.0.0"
      }
    },
    "node_modules/bytestreamjs": {
      "version": "2.0.1",
      "resolved": "https://registry.npmjs.org/bytestreamjs/-/bytestreamjs-2.0.1.tgz",
      "integrity": "sha512-U1Z/ob71V/bXfVABvNr/Kumf5VyeQRBEm6Txb0PQ6S7V5GpBM3w4Cbqz/xPDicR5tN0uvDifng8C+5qECeGwyQ==",
      "engines": {
        "node": ">=6.0.0"
      }
    },
    "node_modules/cbor": {
      "version": "10.0.3",
      "resolved": "https://registry.npmjs.org/cbor/-/cbor-10.0.3.tgz",
      "integrity": "sha512-72Jnj81xMsqepqdcSdf2+fflz/UDsThOHy5hj2MW5F5xzHL8Oa0KQ6I6V9CwVUPxg5pf+W9xp6W2KilaRXWWtw==",
      "dependencies": {
        "nofilter": "^3.0.2"
      },
      "engines": {
        "node": ">=18"
      }
    },
    "node_modules/cbor-extract": {
      "version": "2.2.0",
      "resolved": "https://registry.npmjs.org/cbor-extract/-/cbor-extract-2.2.0.tgz",
      "integrity": "sha512-Ig1zM66BjLfTXpNgKpvBePq271BPOvu8MR0Jl080yG7Jsl+wAZunfrwiwA+9ruzm/WEdIV5QF/bjDZTqyAIVHA==",
      "hasInstallScript": true,
      "optional": true,
      "dependencies": {
        "node-gyp-build-optional-packages": "5.1.1"
      },
      "bin": {
        "download-cbor-prebuilds": "bin/download-prebuilds.js"
      },
      "optionalDependencies": {
        "@cbor-extract/cbor-extract-darwin-arm64": "2.2.0",
        "@cbor-extract/cbor-extract-darwin-x64": "2.2.0",
        "@cbor-extract/cbor-extract-linux-arm": "2.2.0",
        "@cbor-extract/cbor-extract-linux-arm64": "2.2.0",
        "@cbor-extract/cbor-extract-linux-x64": "2.2.0",
        "@cbor-extract/cbor-extract-win32-x64": "2.2.0"
      }
    },
    "node_modules/cbor-x": {
      "version": "1.5.9",
      "resolved": "https://registry.npmjs.org/cbor-x/-/cbor-x-1.5.9.tgz",
      "integrity": "sha512-OEI5rEu3MeR0WWNUXuIGkxmbXVhABP+VtgAXzm48c9ulkrsvxshjjk94XSOGphyAKeNGLPfAxxzEtgQ6rEVpYQ==",
      "optionalDependencies": {
        "cbor-extract": "^2.2.0"
      }
    },
    "node_modules/data-uri-to-buffer": {
      "version": "4.0.1",
      "resolved": "https://registry.npmjs.org/data-uri-to-buffer/-/data-uri-to-buffer-4.0.1.tgz",
      "integrity": "sha512-0R9ikRb668HB7QDxT1vkpuUBtqc53YyAwMwGeUFKRojY/NWKvdZ+9UYtRfGmhqNbRkTSVpMbmyhXipFFv2cb/A==",
      "engines": {
        "node": ">= 12"
      }
    },
    "node_modules/detect-libc": {
      "version": "2.0.3",
      "resolved": "https://registry.npmjs.org/detect-libc/-/detect-libc-2.0.3.tgz",
      "integrity": "sha512-bwy0MGW55bG41VqxxypOsdSdGqLwXPI/focwgTYCFMbdUiBAxLg9CFzG08sz2aqzknwiX7Hkl0bQENjg8iLByw==",
      "optional": true,
      "engines": {
        "node": ">=8"
      }
    },
    "node_modules/fetch-blob": {
      "version": "3.2.0",
      "resolved": "https://registry.npmjs.org/fetch-blob/-/fetch-blob-3.2.0.tgz",
      "integrity": "sha512-7yAQpD2UMJzLi1Dqv7qFYnPbaPx7ZfFK6PiIxQ4PfkGPyNyl2Ugx+a/umUonmKqjhM4DnfbMvdX6otXq83soQQ==",
      "funding": [
        {
          "type": "github",
          "url": "https://github.com/sponsors/jimmywarting"
        },
        {
          "type": "paypal",
          "url": "https://paypal.me/jimmywarting"
        }
      ],
      "dependencies": {
        "node-domexception": "^1.0.0",
        "web-streams-polyfill": "^3.0.3"
      },
      "engines": {
        "node": "^12.20 || >= 14.13"
      }
    },
    "node_modules/fido2-lib": {
      "version": "3.5.3",
      "resolved": "https://registry.npmjs.org/fido2-lib/-/fido2-lib-3.5.3.tgz",
      "integrity": "sha512-IwDuTvCcTpD6rhZkCr1MTp5oZkLUanuWr9xoSvLgc33VdFHl/hc/hkh9L/YzejoY18tP6mkXRkDWfFQMJ69ZfQ==",
      "dependencies": {
        "@hexagon/base64": "~1.1.28",
        "@peculiar/webcrypto": "~1.4.5",
        "asn1js": "~3.0.2",
        "cbor-x": "~1.5.8",
        "jose": "^4.15.5",
        "pkijs": "~3.0.15",
        "punycode.js": "^2.3.1",
        "tldts": "~6.1.11"
      },
      "engines": {
        "node": ">=10"
      }
    },
    "node_modules/formdata-polyfill": {
      "version": "4.0.10",
      "resolved": "https://registry.npmjs.org/formdata-polyfill/-/formdata-polyfill-4.0.10.tgz",
      "integrity": "sha512-buewHzMvYL29jdeQTVILecSaZKnt/RJWjoZCF5OW60Z67/GmSLBkOFM7qh1PI3zFNtJbaZL5eQu1vLfazOwj4g==",
      "dependencies": {
        "fetch-blob": "^3.1.2"
      },
      "engines": {
        "node": ">=12.20.0"
      }
    },
    "node_modules/jose": {
      "version": "4.15.9",
      "resolved": "https://registry.npmjs.org/jose/-/jose-4.15.9.tgz",
      "integrity": "sha512-1vUQX+IdDMVPj4k8kOxgUqlcK518yluMuGZwqlr44FS1ppZB/5GWh4rZG89erpOBOJjU/OBsnCVFfapsRz6nEA==",
      "funding": {
        "url": "https://github.com/sponsors/panva"
      }
    },
    "node_modules/node-domexception": {
      "version": "1.0.0",
      "resolved": "https://registry.npmjs.org/node-domexception/-/node-domexception-1.0.0.tgz",
      "integrity": "sha512-/jKZoMpw0F8GRwl4/eLROPA3cfcXtLApP0QzLmUT/HuPCZWyB7IY9ZrMeKw2O/nFIqPQB3PVM9aYm0F312AXDQ==",
      "funding": [
        {
          "type": "github",
          "url": "https://github.com/sponsors/jimmywarting"
        },
        {
          "type": "github",
          "url": "https://paypal.me/jimmywarting"
        }
      ],
      "engines": {
        "node": ">=10.5.0"
      }
    },
    "node_modules/node-fetch": {
      "version": "3.3.2",
      "resolved": "https://registry.npmjs.org/node-fetch/-/node-fetch-3.3.2.tgz",
      "integrity": "sha512-dRB78srN/l6gqWulah9SrxeYnxeddIG30+GOqK/9OlLVyLg3HPnr6SqOWTWOXKRwC2eGYCkZ59NNuSgvSrpgOA==",
      "dependencies": {
        "data-uri-to-buffer": "^4.0.0",
        "fetch-blob": "^3.1.4",
        "formdata-polyfill": "^4.0.10"
      },
      "engines": {
        "node": "^12.20.0 || ^14.13.1 || >=16.0.0"
      },
      "funding": {
        "type": "opencollective",
        "url": "https://opencollective.com/node-fetch"
      }
    },
    "node_modules/node-gyp-build-optional-packages": {
      "version": "5.1.1",
      "resolved": "https://registry.npmjs.org/node-gyp-build-optional-packages/-/node-gyp-build-optional-packages-5.1.1.tgz",
      "integrity": "sha512-+P72GAjVAbTxjjwUmwjVrqrdZROD4nf8KgpBoDxqXXTiYZZt/ud60dE5yvCSr9lRO8e8yv6kgJIC0K0PfZFVQw==",
      "optional": true,
      "dependencies": {
        "detect-libc": "^2.0.1"
      },
      "bin": {
        "node-gyp-build-optional-packages": "bin.js",
        "node-gyp-build-optional-packages-optional": "optional.js",
        "node-gyp-build-optional-packages-test": "build-test.js"
      }
    },
    "node_modules/nofilter": {
      "version": "3.1.0",
      "resolved": "https://registry.npmjs.org/nofilter/-/nofilter-3.1.0.tgz",
      "integrity": "sha512-l2NNj07e9afPnhAhvgVrCD/oy2Ai1yfLpuo3EpiO1jFTsB4sFz6oIfAfSZyQzVpkZQ9xS8ZS5g1jCBgq4Hwo0g==",
      "engines": {
        "node": ">=12.19"
      }
    },
    "node_modules/pkijs": {
      "version": "3.0.16",
      "resolved": "https://registry.npmjs.org/pkijs/-/pkijs-3.0.16.tgz",
      "integrity": "sha512-iDUm90wfgtfd1PDV1oEnQj/4jBIU9hCSJeV0kQKThwDpbseFxC4TdpoMYlwE9maol5u0wMGZX9cNG2h1/0Lhww==",
      "dependencies": {
        "asn1js": "^3.0.5",
        "bytestreamjs": "^2.0.0",
        "pvtsutils": "^1.3.2",
        "pvutils": "^1.1.3",
        "tslib": "^2.4.0"
      },
      "engines": {
        "node": ">=12.0.0"
      }
    },
    "node_modules/punycode.js": {
      "version": "2.3.1",
      "resolved": "https://registry.npmjs.org/punycode.js/-/punycode.js-2.3.1.tgz",
      "integrity": "sha512-uxFIHU0YlHYhDQtV4R9J6a52SLx28BCjT+4ieh7IGbgwVJWO+km431c4yRlREUAsAmt/uMjQUyQHNEPf0M39CA==",
      "engines": {
        "node": ">=6"
      }
    },
    "node_modules/pvtsutils": {
      "version": "1.3.6",
      "resolved": "https://registry.npmjs.org/pvtsutils/-/pvtsutils-1.3.6.tgz",
      "integrity": "sha512-PLgQXQ6H2FWCaeRak8vvk1GW462lMxB5s3Jm673N82zI4vqtVUPuZdffdZbPDFRoU8kAhItWFtPCWiPpp4/EDg==",
      "dependencies": {
        "tslib": "^2.8.1"
      }
    },
    "node_modules/pvutils": {
      "version": "1.1.3",
      "resolved": "https://registry.npmjs.org/pvutils/-/pvutils-1.1.3.tgz",
      "integrity": "sha512-pMpnA0qRdFp32b1sJl1wOJNxZLQ2cbQx+k6tjNtZ8CpvVhNqEPRgivZ2WOUev2YMajecdH7ctUPDvEe87nariQ==",
      "engines": {
        "node": ">=6.0.0"
      }
    },
    "node_modules/tldts": {
      "version": "6.1.77",
      "resolved": "https://registry.npmjs.org/tldts/-/tldts-6.1.77.tgz",
      "integrity": "sha512-lBpoWgy+kYmuXWQ83+R7LlJCnsd9YW8DGpZSHhrMl4b8Ly/1vzOie3OdtmUJDkKxcgRGOehDu5btKkty+JEe+g==",
      "dependencies": {
        "tldts-core": "^6.1.77"
      },
      "bin": {
        "tldts": "bin/cli.js"
      }
    },
    "node_modules/tldts-core": {
      "version": "6.1.77",
      "resolved": "https://registry.npmjs.org/tldts-core/-/tldts-core-6.1.77.tgz",
      "integrity": "sha512-bCaqm24FPk8OgBkM0u/SrEWJgHnhBWYqeBo6yUmcZJDCHt/IfyWBb+14CXdGi4RInMv4v7eUAin15W0DoA+Ytg=="
    },
    "node_modules/tslib": {
      "version": "2.8.1",
      "resolved": "https://registry.npmjs.org/tslib/-/tslib-2.8.1.tgz",
      "integrity": "sha512-oJFu94HQb+KVduSUQL7wnpmqnfmLsOA/nAh6b6EH0wCEoK0/mPeXU6c3wKDV83MkOuHPRHtSXKKU99IBazS/2w=="
    },
    "node_modules/web-streams-polyfill": {
      "version": "3.3.3",
      "resolved": "https://registry.npmjs.org/web-streams-polyfill/-/web-streams-polyfill-3.3.3.tgz",
      "integrity": "sha512-d2JWLCivmZYTSIoge9MsgFCZrt571BikcWGYkjC1khllbTeDlGqZ2D8vD8E/lJa8WGWbb7Plm8/XJYV7IJHZZw==",
      "engines": {
        "node": ">= 8"
      }
    },
    "node_modules/webcrypto-core": {
      "version": "1.8.1",
      "resolved": "https://registry.npmjs.org/webcrypto-core/-/webcrypto-core-1.8.1.tgz",
      "integrity": "sha512-P+x1MvlNCXlKbLSOY4cYrdreqPG5hbzkmawbcXLKN/mf6DZW0SdNNkZ+sjwsqVkI4A4Ko2sPZmkZtCKY58w83A==",
      "dependencies": {
        "@peculiar/asn1-schema": "^2.3.13",
        "@peculiar/json-schema": "^1.1.12",
        "asn1js": "^3.0.5",
        "pvtsutils": "^1.3.5",
        "tslib": "^2.7.0"
      }
    }
  }
}
